
Microsoft Visual Studio Solution File, Format Version 12.00
# Visual Studio Version 16
VisualStudioVersion = 16.0.30413.136
MinimumVisualStudioVersion = 10.0.40219.1
Project("{FAE04EC0-301F-11D3-BF4B-00C04F79EFBC}") = "a2-xamarin.Android", "a2-xamarin\a2-xamarin.Android\a2-xamarin.Android.csproj", "{2487F5F3-F953-49AA-8550-7EAEA03303EE}"
EndProject
Project("{FAE04EC0-301F-11D3-BF4B-00C04F79EFBC}") = "a2-xamarin.iOS", "a2-xamarin\a2-xamarin.iOS\a2-xamarin.iOS.csproj", "{A8781ACD-77ED-465F-A367-ABE2A3313C60}"
EndProject
Project("{9A19103F-16F7-4668-BE54-9A1E7A4F7556}") = "a2-xamarin", "a2-xamarin\a2-xamarin\a2-xamarin.csproj", "{DFB58B87-AF60-4977-876D-BF416F1E051A}"
EndProject
Global
	GlobalSection(SolutionConfigurationPlatforms) = preSolution
		Debug|Any CPU = Debug|Any CPU
		Debug|iPhone = Debug|iPhone
		Debug|iPhoneSimulator = Debug|iPhoneSimulator
		Release|Any CPU = Release|Any CPU
		Release|iPhone = Release|iPhone
		Release|iPhoneSimulator = Release|iPhoneSimulator
	EndGlobalSection
	GlobalSection(ProjectConfigurationPlatforms) = postSolution
		{2487F5F3-F953-49AA-8550-7EAEA03303EE}.Debug|Any CPU.ActiveCfg = Debug|Any CPU
		{2487F5F3-F953-49AA-8550-7EAEA03303EE}.Debug|Any CPU.Build.0 = Debug|Any CPU
		{2487F5F3-F953-49AA-8550-7EAEA03303EE}.Debug|Any CPU.Deploy.0 = Debug|Any CPU
		{2487F5F3-F953-49AA-8550-7EAEA03303EE}.Debug|iPhone.ActiveCfg = Debug|Any CPU
		{2487F5F3-F953-49AA-8550-7EAEA03303EE}.Debug|iPhone.Build.0 = Debug|Any CPU
		{2487F5F3-F953-49AA-8550-7EAEA03303EE}.Debug|iPhone.Deploy.0 = Debug|Any CPU
		{2487F5F3-F953-49AA-8550-7EAEA03303EE}.Debug|iPhoneSimulator.ActiveCfg = Debug|Any CPU
		{2487F5F3-F953-49AA-8550-7EAEA03303EE}.Debug|iPhoneSimulator.Build.0 = Debug|Any CPU
		{2487F5F3-F953-49AA-8550-7EAEA03303EE}.Debug|iPhoneSimulator.Deploy.0 = Debug|Any CPU
		{2487F5F3-F953-49AA-8550-7EAEA03303EE}.Release|Any CPU.ActiveCfg = Release|Any CPU
		{2487F5F3-F953-49AA-8550-7EAEA03303EE}.Release|Any CPU.Build.0 = Release|Any CPU
		{2487F5F3-F953-49AA-8550-7EAEA03303EE}.Release|Any CPU.Deploy.0 = Release|Any CPU
		{2487F5F3-F953-49AA-8550-7EAEA03303EE}.Release|iPhone.ActiveCfg = Release|Any CPU
		{2487F5F3-F953-49AA-8550-7EAEA03303EE}.Release|iPhone.Build.0 = Release|Any CPU
		{2487F5F3-F953-49AA-8550-7EAEA03303EE}.Release|iPhone.Deploy.0 = Release|Any CPU
		{2487F5F3-F953-49AA-8550-7EAEA03303EE}.Release|iPhoneSimulator.ActiveCfg = Release|Any CPU
		{2487F5F3-F953-49AA-8550-7EAEA03303EE}.Release|iPhoneSimulator.Build.0 = Release|Any CPU
		{2487F5F3-F953-49AA-8550-7EAEA03303EE}.Release|iPhoneSimulator.Deploy.0 = Release|Any CPU
		{A8781ACD-77ED-465F-A367-ABE2A3313C60}.Debug|Any CPU.ActiveCfg = Debug|iPhone
		{A8781ACD-77ED-465F-A367-ABE2A3313C60}.Debug|Any CPU.Build.0 = Debug|iPhone
		{A8781ACD-77ED-465F-A367-ABE2A3313C60}.Debug|Any CPU.Deploy.0 = Debug|iPhone
		{A8781ACD-77ED-465F-A367-ABE2A3313C60}.Debug|iPhone.ActiveCfg = Debug|iPhone
		{A8781ACD-77ED-465F-A367-ABE2A3313C60}.Debug|iPhone.Build.0 = Debug|iPhone
		{A8781ACD-77ED-465F-A367-ABE2A3313C60}.Debug|iPhone.Deploy.0 = Debug|iPhone
		{A8781ACD-77ED-465F-A367-ABE2A3313C60}.Debug|iPhoneSimulator.ActiveCfg = Debug|iPhoneSimulator
		{A8781ACD-77ED-465F-A367-ABE2A3313C60}.Debug|iPhoneSimulator.Build.0 = Debug|iPhoneSimulator
		{A8781ACD-77ED-465F-A367-ABE2A3313C60}.Debug|iPhoneSimulator.Deploy.0 = Debug|iPhoneSimulator
		{A8781ACD-77ED-465F-A367-ABE2A3313C60}.Release|Any CPU.ActiveCfg = Release|iPhone
		{A8781ACD-77ED-465F-A367-ABE2A3313C60}.Release|Any CPU.Build.0 = Release|iPhone
		{A8781ACD-77ED-465F-A367-ABE2A3313C60}.Release|Any CPU.Deploy.0 = Release|iPhone
		{A8781ACD-77ED-465F-A367-ABE2A3313C60}.Release|iPhone.ActiveCfg = Release|iPhone
		{A8781ACD-77ED-465F-A367-ABE2A3313C60}.Release|iPhone.Build.0 = Release|iPhone
		{A8781ACD-77ED-465F-A367-ABE2A3313C60}.Release|iPhone.Deploy.0 = Release|iPhone
		{A8781ACD-77ED-465F-A367-ABE2A3313C60}.Release|iPhoneSimulator.ActiveCfg = Release|iPhoneSimulator
		{A8781ACD-77ED-465F-A367-ABE2A3313C60}.Release|iPhoneSimulator.Build.0 = Release|iPhoneSimulator
		{A8781ACD-77ED-465F-A367-ABE2A3313C60}.Release|iPhoneSimulator.Deploy.0 = Release|iPhoneSimulator
		{DFB58B87-AF60-4977-876D-BF416F1E051A}.Debug|Any CPU.ActiveCfg = Debug|Any CPU
		{DFB58B87-AF60-4977-876D-BF416F1E051A}.Debug|Any CPU.Build.0 = Debug|Any CPU
		{DFB58B87-AF60-4977-876D-BF416F1E051A}.Debug|Any CPU.Deploy.0 = Debug|Any CPU
		{DFB58B87-AF60-4977-876D-BF416F1E051A}.Debug|iPhone.ActiveCfg = Debug|Any CPU
		{DFB58B87-AF60-4977-876D-BF416F1E051A}.Debug|iPhone.Build.0 = Debug|Any CPU
		{DFB58B87-AF60-4977-876D-BF416F1E051A}.Debug|iPhone.Deploy.0 = Debug|Any CPU
		{DFB58B87-AF60-4977-876D-BF416F1E051A}.Debug|iPhoneSimulator.ActiveCfg = Debug|Any CPU
		{DFB58B87-AF60-4977-876D-BF416F1E051A}.Debug|iPhoneSimulator.Build.0 = Debug|Any CPU
		{DFB58B87-AF60-4977-876D-BF416F1E051A}.Debug|iPhoneSimulator.Deploy.0 = Debug|Any CPU
		{DFB58B87-AF60-4977-876D-BF416F1E051A}.Release|Any CPU.ActiveCfg = Release|Any CPU
		{DFB58B87-AF60-4977-876D-BF416F1E051A}.Release|Any CPU.Build.0 = Release|Any CPU
		{DFB58B87-AF60-4977-876D-BF416F1E051A}.Release|Any CPU.Deploy.0 = Release|Any CPU
		{DFB58B87-AF60-4977-876D-BF416F1E051A}.Release|iPhone.ActiveCfg = Release|Any CPU
		{DFB58B87-AF60-4977-876D-BF416F1E051A}.Release|iPhone.Build.0 = Release|Any CPU
		{DFB58B87-AF60-4977-876D-BF416F1E051A}.Release|iPhone.Deploy.0 = Release|Any CPU
		{DFB58B87-AF60-4977-876D-BF416F1E051A}.Release|iPhoneSimulator.ActiveCfg = Release|Any CPU
		{DFB58B87-AF60-4977-876D-BF416F1E051A}.Release|iPhoneSimulator.Build.0 = Release|Any CPU
		{DFB58B87-AF60-4977-876D-BF416F1E051A}.Release|iPhoneSimulator.Deploy.0 = Release|Any CPU
	EndGlobalSection
	GlobalSection(SolutionProperties) = preSolution
		HideSolutionNode = FALSE
	EndGlobalSection
	GlobalSection(ExtensibilityGlobals) = postSolution
		SolutionGuid = {7951D72F-87CC-40F8-97A8-1880405C2CD5}
	EndGlobalSection
EndGlobal
